// !$*UTF8*$!
{
	archiveVersion = 1;
	classes = {
	};
	objectVersion = 46;
	objects = {

/* Begin PBXBuildFile section */
		C83D56791E1631F400BCA446 /* main.m in Sources */ = {isa = PBXBuildFile; fileRef = C83D56781E1631F400BCA446 /* main.m */; };
		C83D56831E16324F00BCA446 /* aes.c in Sources */ = {isa = PBXBuildFile; fileRef = C83D567F1E16324F00BCA446 /* aes.c */; };
		C83D56841E16324F00BCA446 /* UUCryptUtil.mm in Sources */ = {isa = PBXBuildFile; fileRef = C83D56821E16324F00BCA446 /* UUCryptUtil.mm */; };
/* End PBXBuildFile section */

/* Begin PBXCopyFilesBuildPhase section */
		C83D56731E1631F400BCA446 /* CopyFiles */ = {
			isa = PBXCopyFilesBuildPhase;
			buildActionMask = 2147483647;
			dstPath = /usr/share/man/man1/;
			dstSubfolderSpec = 0;
			files = (
			);
			runOnlyForDeploymentPostprocessing = 1;
		};
/* End PBXCopyFilesBuildPhase section */

/* Begin PBXFileReference section */
		C83D56751E1631F400BCA446 /* AESUtil */ = {isa = PBXFileReference; explicitFileType = "compiled.mach-o.executable"; includeInIndex = 0; path = AESUtil; sourceTree = BUILT_PRODUCTS_DIR; };
		C83D56781E1631F400BCA446 /* main.m */ = {isa = PBXFileReference; lastKnownFileType = sourcecode.c.objc; path = main.m; sourceTree = "<group>"; };
		C83D567F1E16324F00BCA446 /* aes.c */ = {isa = PBXFileReference; fileEncoding = 4; lastKnownFileType = sourcecode.c.c; path = aes.c; sourceTree = "<group>"; };
		C83D56801E16324F00BCA446 /* aes.h */ = {isa = PBXFileReference; fileEncoding = 4; lastKnownFileType = sourcecode.c.h; path = aes.h; sourceTree = "<group>"; };
		C83D56811E16324F00BCA446 /* UUCryptUtil.h */ = {isa = PBXFileReference; fileEncoding = 4; lastKnownFileType = sourcecode.c.h; path = UUCryptUtil.h; sourceTree = "<group>"; };
		C83D56821E16324F00BCA446 /* UUCryptUtil.mm */ = {isa = PBXFileReference; fileEncoding = 4; lastKnownFileType = sourcecode.cpp.objcpp; path = UUCryptUtil.mm; sourceTree = "<group>"; };
/* End PBXFileReference section */

/* Begin PBXFrameworksBuildPhase section */
		C83D56721E1631F400BCA446 /* Frameworks */ = {
			isa = PBXFrameworksBuildPhase;
			buildActionMask = 2147483647;
			files = (
			);
			runOnlyForDeploymentPostprocessing = 0;
		};
/* End PBXFrameworksBuildPhase section */

/* Begin PBXGroup section */
		C83D566C1E1631F400BCA446 = {
			isa = PBXGroup;
			children = (
				C83D56771E1631F400BCA446 /* AESUtil */,
				C83D56761E1631F400BCA446 /* Products */,
			);
			sourceTree = "<group>";
		};
		C83D56761E1631F400BCA446 /* Products */ = {
			isa = PBXGroup;
			children = (
				C83D56751E1631F400BCA446 /* AESUtil */,
			);
			name = Products;
			sourceTree = "<group>";
		};
		C83D56771E1631F400BCA446 /* AESUtil */ = {
			isa = PBXGroup;
			children = (
				C83D567F1E16324F00BCA446 /* aes.c */,
				C83D56801E16324F00BCA446 /* aes.h */,
				C83D56811E16324F00BCA446 /* UUCryptUtil.h */,
				C83D56821E16324F00BCA446 /* UUCryptUtil.mm */,
				C83D56781E1631F400BCA446 /* main.m */,
			);
			path = AESUtil;
			sourceTree = "<group>";
		};
/* End PBXGroup section */

/* Begin PBXNativeTarget section */
		C83D56741E1631F400BCA446 /* AESUtil */ = {
			isa = PBXNativeTarget;
			buildConfigurationList = C83D567C1E1631F400BCA446 /* Build configuration list for PBXNativeTarget "AESUtil" */;
			buildPhases = (
				C83D56711E1631F400BCA446 /* Sources */,
				C83D56721E1631F400BCA446 /* Frameworks */,
				C83D56731E1631F400BCA446 /* CopyFiles */,
			);
			buildRules = (
			);
			dependencies = (
			);
			name = AESUtil;
			productName = AESUtil;
			productReference = C83D56751E1631F400BCA446 /* AESUtil */;
			productType = "com.apple.product-type.tool";
		};
/* End PBXNativeTarget section */

/* Begin PBXProject section */
		C83D566D1E1631F400BCA446 /* Project object */ = {
			isa = PBXProject;
			attributes = {
				LastUpgradeCheck = 0800;
				ORGANIZATIONNAME = maqj;
				TargetAttributes = {
					C83D56741E1631F400BCA446 = {
						CreatedOnToolsVersion = 8.0;
						DevelopmentTeam = QB46F2C65Z;
						ProvisioningStyle = Automatic;
					};
				};
			};
			buildConfigurationList = C83D56701E1631F400BCA446 /* Build configuration list for PBXProject "AESUtil" */;
			compatibilityVersion = "Xcode 3.2";
			developmentRegion = English;
			hasScannedForEncodings = 0;
			knownRegions = (
				en,
			);
			mainGroup = C83D566C1E1631F400BCA446;
			productRefGroup = C83D56761E1631F400BCA446 /* Products */;
			projectDirPath = "";
			projectRoot = "";
			targets = (
				C83D56741E1631F400BCA446 /* AESUtil */,
			);
		};
/* End PBXProject section */

/* Begin PBXSourcesBuildPhase section */
		C83D56711E1631F400BCA446 /* Sources */ = {
			isa = PBXSourcesBuildPhase;
			buildActionMask = 2147483647;
			files = (
				C83D56791E1631F400BCA446 /* main.m in Sources */,
				C83D56841E16324F00BCA446 /* UUCryptUtil.mm in Sources */,
				C83D56831E16324F00BCA446 /* aes.c in Sources */,
			);
			runOnlyForDeploymentPostprocessing = 0;
		};
/* End PBXSourcesBuildPhase section */

/* Begin XCBuildConfiguration section */
		C83D567A1E1631F400BCA446 /* Debug */ = {
			isa = XCBuildConfiguration;
			buildSettings = {
				ALWAYS_SEARCH_USER_PATHS = NO;
				CLANG_ANALYZER_NONNULL = YES;
				CLANG_CXX_LANGUAGE_STANDARD = "gnu++0x";
				CLANG_CXX_LIBRARY = "libc++";
				CLANG_ENABLE_MODULES = YES;
				CLANG_ENABLE_OBJC_ARC = YES;
				CLANG_WARN_BOOL_CONVERSION = YES;
				CLANG_WARN_CONSTANT_CONVERSION = YES;
				CLANG_WARN_DIRECT_OBJC_ISA_USAGE = YES_ERROR;
				CLANG_WARN_DOCUMENTATION_COMMENTS = YES;
				CLANG_WARN_EMPTY_BODY = YES;
				CLANG_WARN_ENUM_CONVERSION = YES;
				CLANG_WARN_INFINITE_RECURSION = YES;
				CLANG_WARN_INT_CONVERSION = YES;
				CLANG_WARN_OBJC_ROOT_CLASS = YES_ERROR;
				CLANG_WARN_SUSPICIOUS_MOVES = YES;
				CLANG_WARN_UNREACHABLE_CODE = YES;
				CLANG_WARN__DUPLICATE_METHOD_MATCH = YES;
				CODE_SIGN_IDENTITY = "-";
				COPY_PHASE_STRIP = NO;
				DEBUG_INFORMATION_FORMAT = dwarf;
				ENABLE_STRICT_OBJC_MSGSEND = YES;
				ENABLE_TESTABILITY = YES;
				GCC_C_LANGUAGE_STANDARD = gnu99;
				GCC_DYNAMIC_NO_PIC = NO;
				GCC_NO_COMMON_BLOCKS = YES;
				GCC_OPTIMIZATION_LEVEL = 0;
				GCC_PREPROCESSOR_DEFINITIONS = (
					"DEBUG=1",
					"$(inherited)",
				);
				GCC_WARN_64_TO_32_BIT_CONVERSION = YES;
				GCC_WARN_ABOUT_RETURN_TYPE = YES_ERROR;
				GCC_WARN_UNDECLARED_SELECTOR = YES;
				GCC_WARN_UNINITIALIZED_AUTOS = YES_AGGRESSIVE;
				GCC_WARN_UNUSED_FUNCTION = YES;
				GCC_WARN_UNUSED_VARIABLE = YES;
				MACOSX_DEPLOYMENT_TARGET = 10.11;
				MTL_ENABLE_DEBUG_INFO = YES;
				ONLY_ACTIVE_ARCH = YES;
				SDKROOT = macosx;
			};
			name = Debug;
		};
		C83D567B1E1631F400BCA446 /* Release */ = {
			isa = XCBuildConfiguration;
			buildSettings = {
				ALWAYS_SEARCH_USER_PATHS = NO;
				CLANG_ANALYZER_NONNULL = YES;
				CLANG_CXX_LANGUAGE_STANDARD = "gnu++0x";
				CLANG_CXX_LIBRARY = "libc++";
				CLANG_ENABLE_MODULES = YES;
				CLANG_ENABLE_OBJC_ARC = YES;
				CLANG_WARN_BOOL_CONVERSION = YES;
				CLANG_WARN_CONSTANT_CONVERSION = YES;
				CLANG_WARN_DIRECT_OBJC_ISA_USAGE = YES_ERROR;
				CLANG_WARN_DOCUMENTATION_COMMENTS = YES;
				CLANG_WARN_EMPTY_BODY = YES;
				CLANG_WARN_ENUM_CONVERSION = YES;
				CLANG_WARN_INFINITE_RECURSION = YES;
				CLANG_WARN_INT_CONVERSION = YES;
				CLANG_WARN_OBJC_ROOT_CLASS = YES_ERROR;
				CLANG_WARN_SUSPICIOUS_MOVES = YES;
				CLANG_WARN_UNREACHABLE_CODE = YES;
				CLANG_WARN__DUPLICATE_METHOD_MATCH = YES;
				CODE_SIGN_IDENTITY = "-";
				COPY_PHASE_STRIP = NO;
				DEBUG_INFORMATION_FORMAT = "dwarf-with-dsym";
				ENABLE_NS_ASSERTIONS = NO;
				ENABLE_STRICT_OBJC_MSGSEND = YES;
				GCC_C_LANGUAGE_STANDARD = gnu99;
				GCC_NO_COMMON_BLOCKS = YES;
				GCC_WARN_64_TO_32_BIT_CONVERSION = YES;
				GCC_WARN_ABOUT_RETURN_TYPE = YES_ERROR;
				GCC_WARN_UNDECLARED_SELECTOR = YES;
				GCC_WARN_UNINITIALIZED_AUTOS = YES_AGGRESSIVE;
				GCC_WARN_UNUSED_FUNCTION = YES;
				GCC_WARN_UNUSED_VARIABLE = YES;
				MACOSX_DEPLOYMENT_TARGET = 10.11;
				MTL_ENABLE_DEBUG_INFO = NO;
				SDKROOT = macosx;
			};
			name = Release;
		};
		C83D567D1E1631F400BCA446 /* Debug */ = {
			isa = XCBuildConfiguration;
			buildSettings = {
				DEVELOPMENT_TEAM = QB46F2C65Z;
				PRODUCT_NAME = "$(TARGET_NAME)";
			};
			name = Debug;
		};
		C83D567E1E1631F400BCA446 /* Release */ = {
			isa = XCBuildConfiguration;
			buildSettings = {
				DEVELOPMENT_TEAM = QB46F2C65Z;
				PRODUCT_NAME = "$(TARGET_NAME)";
			};
			name = Release;
		};
/* End XCBuildConfiguration section */

/* Begin XCConfigurationList section */
		C83D56701E1631F400BCA446 /* Build configuration list for PBXProject "AESUtil" */ = {
			isa = XCConfigurationList;
			buildConfigurations = (
				C83D567A1E1631F400BCA446 /* Debug */,
				C83D567B1E1631F400BCA446 /* Release */,
			);
			defaultConfigurationIsVisible = 0;
			defaultConfigurationName = Release;
		};
		C83D567C1E1631F400BCA446 /* Build configuration list for PBXNativeTarget "AESUtil" */ = {
			isa = XCConfigurationList;
			buildConfigurations = (
				C83D567D1E1631F400BCA446 /* Debug */,
				C83D567E1E1631F400BCA446 /* Release */,
			);
			defaultConfigurationIsVisible = 0;
		};
/* End XCConfigurationList section */
	};
	rootObject = C83D566D1E1631F400BCA446 /* Project object */;
}
